
Microsoft Visual Studio Solution File, Format Version 12.00
# Visual Studio Version 17
VisualStudioVersion = 17.14.36221.1
MinimumVisualStudioVersion = 10.0.40219.1
Project("{FAE04EC0-301F-11D3-BF4B-00C04F79EFBC}") = "NeclorCommons", "NeclorCommons.csproj", "{D9174A9A-0559-9356-AE08-A3CBF9401A41}"
EndProject
Project("{FAE04EC0-301F-11D3-BF4B-00C04F79EFBC}") = "Generator", "addons\NeclorCommons\Src\Generator\Generator.csproj", "{84DBE3E9-58A2-FC3E-F8DC-5187AB0248B8}"
EndProject
Global
	GlobalSection(SolutionConfigurationPlatforms) = preSolution
		Debug|Any CPU = Debug|Any CPU
		ExportDebug|Any CPU = ExportDebug|Any CPU
		ExportRelease|Any CPU = ExportRelease|Any CPU
	EndGlobalSection
	GlobalSection(ProjectConfigurationPlatforms) = postSolution
		{D9174A9A-0559-9356-AE08-A3CBF9401A41}.Debug|Any CPU.ActiveCfg = Debug|Any CPU
		{D9174A9A-0559-9356-AE08-A3CBF9401A41}.Debug|Any CPU.Build.0 = Debug|Any CPU
		{D9174A9A-0559-9356-AE08-A3CBF9401A41}.ExportDebug|Any CPU.ActiveCfg = ExportDebug|Any CPU
		{D9174A9A-0559-9356-AE08-A3CBF9401A41}.ExportDebug|Any CPU.Build.0 = ExportDebug|Any CPU
		{D9174A9A-0559-9356-AE08-A3CBF9401A41}.ExportRelease|Any CPU.ActiveCfg = ExportRelease|Any CPU
		{D9174A9A-0559-9356-AE08-A3CBF9401A41}.ExportRelease|Any CPU.Build.0 = ExportRelease|Any CPU
		{84DBE3E9-58A2-FC3E-F8DC-5187AB0248B8}.Debug|Any CPU.ActiveCfg = Debug|Any CPU
		{84DBE3E9-58A2-FC3E-F8DC-5187AB0248B8}.Debug|Any CPU.Build.0 = Debug|Any CPU
		{84DBE3E9-58A2-FC3E-F8DC-5187AB0248B8}.ExportDebug|Any CPU.ActiveCfg = Release|Any CPU
		{84DBE3E9-58A2-FC3E-F8DC-5187AB0248B8}.ExportDebug|Any CPU.Build.0 = Release|Any CPU
		{84DBE3E9-58A2-FC3E-F8DC-5187AB0248B8}.ExportRelease|Any CPU.ActiveCfg = Release|Any CPU
		{84DBE3E9-58A2-FC3E-F8DC-5187AB0248B8}.ExportRelease|Any CPU.Build.0 = Release|Any CPU
	EndGlobalSection
	GlobalSection(SolutionProperties) = preSolution
		HideSolutionNode = FALSE
	EndGlobalSection
	GlobalSection(ExtensibilityGlobals) = postSolution
		SolutionGuid = {D254D248-F843-4B77-88AB-4C0FD984FF06}
	EndGlobalSection
EndGlobal
