
Microsoft Visual Studio Solution File, Format Version 12.00
# Visual Studio Version 17
VisualStudioVersion = 17.14.36221.1 d17.14
MinimumVisualStudioVersion = 10.0.40219.1
Project("{FAE04EC0-301F-11D3-BF4B-00C04F79EFBC}") = "NeclorCommonsProject", "NeclorCommonsProject.csproj", "{1FCCAC5A-A269-44CA-A610-9A07E28CD5E7}"
EndProject
Project("{FAE04EC0-301F-11D3-BF4B-00C04F79EFBC}") = "NeclorCommons", "addons\NeclorCommons\src\NeclorCommons.csproj", "{5950E3EE-3487-3ADE-AA64-50BC6426C3C9}"
EndProject
Global
	GlobalSection(SolutionConfigurationPlatforms) = preSolution
		Debug|Any CPU = Debug|Any CPU
		ExportDebug|Any CPU = ExportDebug|Any CPU
		ExportRelease|Any CPU = ExportRelease|Any CPU
	EndGlobalSection
	GlobalSection(ProjectConfigurationPlatforms) = postSolution
		{1FCCAC5A-A269-44CA-A610-9A07E28CD5E7}.Debug|Any CPU.ActiveCfg = Debug|Any CPU
		{1FCCAC5A-A269-44CA-A610-9A07E28CD5E7}.Debug|Any CPU.Build.0 = Debug|Any CPU
		{1FCCAC5A-A269-44CA-A610-9A07E28CD5E7}.ExportDebug|Any CPU.ActiveCfg = ExportDebug|Any CPU
		{1FCCAC5A-A269-44CA-A610-9A07E28CD5E7}.ExportDebug|Any CPU.Build.0 = ExportDebug|Any CPU
		{1FCCAC5A-A269-44CA-A610-9A07E28CD5E7}.ExportRelease|Any CPU.ActiveCfg = ExportRelease|Any CPU
		{1FCCAC5A-A269-44CA-A610-9A07E28CD5E7}.ExportRelease|Any CPU.Build.0 = ExportRelease|Any CPU
		{5950E3EE-3487-3ADE-AA64-50BC6426C3C9}.Debug|Any CPU.ActiveCfg = Debug|Any CPU
		{5950E3EE-3487-3ADE-AA64-50BC6426C3C9}.Debug|Any CPU.Build.0 = Debug|Any CPU
		{5950E3EE-3487-3ADE-AA64-50BC6426C3C9}.ExportDebug|Any CPU.ActiveCfg = ExportDebug|Any CPU
		{5950E3EE-3487-3ADE-AA64-50BC6426C3C9}.ExportDebug|Any CPU.Build.0 = ExportDebug|Any CPU
		{5950E3EE-3487-3ADE-AA64-50BC6426C3C9}.ExportRelease|Any CPU.ActiveCfg = ExportRelease|Any CPU
		{5950E3EE-3487-3ADE-AA64-50BC6426C3C9}.ExportRelease|Any CPU.Build.0 = ExportRelease|Any CPU
	EndGlobalSection
	GlobalSection(SolutionProperties) = preSolution
		HideSolutionNode = FALSE
	EndGlobalSection
	GlobalSection(ExtensibilityGlobals) = postSolution
		SolutionGuid = {D254D248-F843-4B77-88AB-4C0FD984FF06}
	EndGlobalSection
EndGlobal
